
Microsoft Visual Studio Solution File, Format Version 12.00
# Visual Studio 2013
VisualStudioVersion = 12.0.31101.0
MinimumVisualStudioVersion = 10.0.40219.1
Project("{FAE04EC0-301F-11D3-BF4B-00C04F79EFBC}") = "JonBoard.DAL", "JonBoard.DAL\JonBoard.DAL.csproj", "{5F3DDA93-1930-4F1B-A4F2-BDB1BD3301B3}"
EndProject
Project("{FAE04EC0-301F-11D3-BF4B-00C04F79EFBC}") = "JonBoard.Model", "JonBoard.Model\JonBoard.Model.csproj", "{698BF3E4-3220-4690-89DB-19A8FFA9F6F6}"
EndProject
Project("{FAE04EC0-301F-11D3-BF4B-00C04F79EFBC}") = "jOnBoard", "jOnBoard\jOnBoard.csproj", "{9806FDE0-B8AF-4736-BC52-BD4ABDAF8D7A}"
EndProject
Global
	GlobalSection(SolutionConfigurationPlatforms) = preSolution
		Debug|Any CPU = Debug|Any CPU
		Release|Any CPU = Release|Any CPU
	EndGlobalSection
	GlobalSection(ProjectConfigurationPlatforms) = postSolution
		{5F3DDA93-1930-4F1B-A4F2-BDB1BD3301B3}.Debug|Any CPU.ActiveCfg = Debug|Any CPU
		{5F3DDA93-1930-4F1B-A4F2-BDB1BD3301B3}.Debug|Any CPU.Build.0 = Debug|Any CPU
		{5F3DDA93-1930-4F1B-A4F2-BDB1BD3301B3}.Release|Any CPU.ActiveCfg = Release|Any CPU
		{5F3DDA93-1930-4F1B-A4F2-BDB1BD3301B3}.Release|Any CPU.Build.0 = Release|Any CPU
		{698BF3E4-3220-4690-89DB-19A8FFA9F6F6}.Debug|Any CPU.ActiveCfg = Debug|Any CPU
		{698BF3E4-3220-4690-89DB-19A8FFA9F6F6}.Debug|Any CPU.Build.0 = Debug|Any CPU
		{698BF3E4-3220-4690-89DB-19A8FFA9F6F6}.Release|Any CPU.ActiveCfg = Release|Any CPU
		{698BF3E4-3220-4690-89DB-19A8FFA9F6F6}.Release|Any CPU.Build.0 = Release|Any CPU
		{9806FDE0-B8AF-4736-BC52-BD4ABDAF8D7A}.Debug|Any CPU.ActiveCfg = Debug|Any CPU
		{9806FDE0-B8AF-4736-BC52-BD4ABDAF8D7A}.Debug|Any CPU.Build.0 = Debug|Any CPU
		{9806FDE0-B8AF-4736-BC52-BD4ABDAF8D7A}.Release|Any CPU.ActiveCfg = Release|Any CPU
		{9806FDE0-B8AF-4736-BC52-BD4ABDAF8D7A}.Release|Any CPU.Build.0 = Release|Any CPU
	EndGlobalSection
	GlobalSection(SolutionProperties) = preSolution
		HideSolutionNode = FALSE
	EndGlobalSection
EndGlobal
